
Microsoft Visual Studio Solution File, Format Version 12.00
# Visual Studio Version 17
VisualStudioVersion = 17.7.34031.279
MinimumVisualStudioVersion = 10.0.40219.1
Project("{FAE04EC0-301F-11D3-BF4B-00C04F79EFBC}") = "Front", "Front\Front.csproj", "{2BC39735-8212-4246-854F-AA440A78A737}"
EndProject
Project("{FAE04EC0-301F-11D3-BF4B-00C04F79EFBC}") = "Back", "Back\Back.csproj", "{A13EC220-B49F-4389-8948-38F56A44D9AD}"
EndProject
Global
	GlobalSection(SolutionConfigurationPlatforms) = preSolution
		Debug|Any CPU = Debug|Any CPU
		Release|Any CPU = Release|Any CPU
	EndGlobalSection
	GlobalSection(ProjectConfigurationPlatforms) = postSolution
		{2BC39735-8212-4246-854F-AA440A78A737}.Debug|Any CPU.ActiveCfg = Debug|Any CPU
		{2BC39735-8212-4246-854F-AA440A78A737}.Debug|Any CPU.Build.0 = Debug|Any CPU
		{2BC39735-8212-4246-854F-AA440A78A737}.Release|Any CPU.ActiveCfg = Release|Any CPU
		{2BC39735-8212-4246-854F-AA440A78A737}.Release|Any CPU.Build.0 = Release|Any CPU
		{A13EC220-B49F-4389-8948-38F56A44D9AD}.Debug|Any CPU.ActiveCfg = Debug|Any CPU
		{A13EC220-B49F-4389-8948-38F56A44D9AD}.Debug|Any CPU.Build.0 = Debug|Any CPU
		{A13EC220-B49F-4389-8948-38F56A44D9AD}.Release|Any CPU.ActiveCfg = Release|Any CPU
		{A13EC220-B49F-4389-8948-38F56A44D9AD}.Release|Any CPU.Build.0 = Release|Any CPU
	EndGlobalSection
	GlobalSection(SolutionProperties) = preSolution
		HideSolutionNode = FALSE
	EndGlobalSection
	GlobalSection(ExtensibilityGlobals) = postSolution
		SolutionGuid = {E6FA2825-DD0C-4677-A4A4-EDB21BE908DF}
	EndGlobalSection
EndGlobal
